
Microsoft Visual Studio Solution File, Format Version 12.00
# Visual Studio Version 17
VisualStudioVersion = 17.3.32901.215
MinimumVisualStudioVersion = 10.0.40219.1
Project("{FAE04EC0-301F-11D3-BF4B-00C04F79EFBC}") = "AutoTypeSingle", "AutoTypeSingle.csproj", "{670CE388-9D34-48CA-A5F8-46D0561D64DF}"
EndProject
Global
	GlobalSection(SolutionConfigurationPlatforms) = preSolution
		Debug|Any CPU = Debug|Any CPU
		Release|Any CPU = Release|Any CPU
	EndGlobalSection
	GlobalSection(ProjectConfigurationPlatforms) = postSolution
		{670CE388-9D34-48CA-A5F8-46D0561D64DF}.Debug|Any CPU.ActiveCfg = Debug|Any CPU
		{670CE388-9D34-48CA-A5F8-46D0561D64DF}.Debug|Any CPU.Build.0 = Debug|Any CPU
		{670CE388-9D34-48CA-A5F8-46D0561D64DF}.Release|Any CPU.ActiveCfg = Release|Any CPU
		{670CE388-9D34-48CA-A5F8-46D0561D64DF}.Release|Any CPU.Build.0 = Release|Any CPU
	EndGlobalSection
	GlobalSection(SolutionProperties) = preSolution
		HideSolutionNode = FALSE
	EndGlobalSection
	GlobalSection(ExtensibilityGlobals) = postSolution
		SolutionGuid = {4BEF856D-CBC8-4306-9216-E5C2F730F14B}
	EndGlobalSection
EndGlobal
